// !$*UTF8*$!
{
	archiveVersion = 1;
	classes = {
	};
	objectVersion = 50;
	objects = {

/* Begin PBXBuildFile section */
		2B2F3ACD2102D25900FC57F9 /* AppDelegate.swift in Sources */ = {isa = PBXBuildFile; fileRef = 2B2F3ACC2102D25900FC57F9 /* AppDelegate.swift */; };
		2B2F3ACF2102D25900FC57F9 /* ViewController.swift in Sources */ = {isa = PBXBuildFile; fileRef = 2B2F3ACE2102D25900FC57F9 /* ViewController.swift */; };
		2B2F3AD22102D25900FC57F9 /* Main.storyboard in Resources */ = {isa = PBXBuildFile; fileRef = 2B2F3AD02102D25900FC57F9 /* Main.storyboard */; };
		2B2F3AD42102D25A00FC57F9 /* Assets.xcassets in Resources */ = {isa = PBXBuildFile; fileRef = 2B2F3AD32102D25A00FC57F9 /* Assets.xcassets */; };
		2B2F3AD72102D25A00FC57F9 /* LaunchScreen.storyboard in Resources */ = {isa = PBXBuildFile; fileRef = 2B2F3AD52102D25A00FC57F9 /* LaunchScreen.storyboard */; };
		2B2F3AE22102D25A00FC57F9 /* MyTest180721Tests.swift in Sources */ = {isa = PBXBuildFile; fileRef = 2B2F3AE12102D25A00FC57F9 /* MyTest180721Tests.swift */; };
		2B2F3AED2102D25A00FC57F9 /* MyTest180721UITests.swift in Sources */ = {isa = PBXBuildFile; fileRef = 2B2F3AEC2102D25A00FC57F9 /* MyTest180721UITests.swift */; };
/* End PBXBuildFile section */

/* Begin PBXContainerItemProxy section */
		2B2F3ADE2102D25A00FC57F9 /* PBXContainerItemProxy */ = {
			isa = PBXContainerItemProxy;
			containerPortal = 2B2F3AC12102D25800FC57F9 /* Project object */;
			proxyType = 1;
			remoteGlobalIDString = 2B2F3AC82102D25800FC57F9;
			remoteInfo = MyTest180721;
		};
		2B2F3AE92102D25A00FC57F9 /* PBXContainerItemProxy */ = {
			isa = PBXContainerItemProxy;
			containerPortal = 2B2F3AC12102D25800FC57F9 /* Project object */;
			proxyType = 1;
			remoteGlobalIDString = 2B2F3AC82102D25800FC57F9;
			remoteInfo = MyTest180721;
		};
/* End PBXContainerItemProxy section */

/* Begin PBXFileReference section */
		2B2F3AC92102D25900FC57F9 /* MyTest180721.app */ = {isa = PBXFileReference; explicitFileType = wrapper.application; includeInIndex = 0; path = MyTest180721.app; sourceTree = BUILT_PRODUCTS_DIR; };
		2B2F3ACC2102D25900FC57F9 /* AppDelegate.swift */ = {isa = PBXFileReference; lastKnownFileType = sourcecode.swift; path = AppDelegate.swift; sourceTree = "<group>"; };
		2B2F3ACE2102D25900FC57F9 /* ViewController.swift */ = {isa = PBXFileReference; lastKnownFileType = sourcecode.swift; path = ViewController.swift; sourceTree = "<group>"; };
		2B2F3AD12102D25900FC57F9 /* Base */ = {isa = PBXFileReference; lastKnownFileType = file.storyboard; name = Base; path = Base.lproj/Main.storyboard; sourceTree = "<group>"; };
		2B2F3AD32102D25A00FC57F9 /* Assets.xcassets */ = {isa = PBXFileReference; lastKnownFileType = folder.assetcatalog; path = Assets.xcassets; sourceTree = "<group>"; };
		2B2F3AD62102D25A00FC57F9 /* Base */ = {isa = PBXFileReference; lastKnownFileType = file.storyboard; name = Base; path = Base.lproj/LaunchScreen.storyboard; sourceTree = "<group>"; };
		2B2F3AD82102D25A00FC57F9 /* Info.plist */ = {isa = PBXFileReference; lastKnownFileType = text.plist.xml; path = Info.plist; sourceTree = "<group>"; };
		2B2F3ADD2102D25A00FC57F9 /* MyTest180721Tests.xctest */ = {isa = PBXFileReference; explicitFileType = wrapper.cfbundle; includeInIndex = 0; path = MyTest180721Tests.xctest; sourceTree = BUILT_PRODUCTS_DIR; };
		2B2F3AE12102D25A00FC57F9 /* MyTest180721Tests.swift */ = {isa = PBXFileReference; lastKnownFileType = sourcecode.swift; path = MyTest180721Tests.swift; sourceTree = "<group>"; };
		2B2F3AE32102D25A00FC57F9 /* Info.plist */ = {isa = PBXFileReference; lastKnownFileType = text.plist.xml; path = Info.plist; sourceTree = "<group>"; };
		2B2F3AE82102D25A00FC57F9 /* MyTest180721UITests.xctest */ = {isa = PBXFileReference; explicitFileType = wrapper.cfbundle; includeInIndex = 0; path = MyTest180721UITests.xctest; sourceTree = BUILT_PRODUCTS_DIR; };
		2B2F3AEC2102D25A00FC57F9 /* MyTest180721UITests.swift */ = {isa = PBXFileReference; lastKnownFileType = sourcecode.swift; path = MyTest180721UITests.swift; sourceTree = "<group>"; };
		2B2F3AEE2102D25A00FC57F9 /* Info.plist */ = {isa = PBXFileReference; lastKnownFileType = text.plist.xml; path = Info.plist; sourceTree = "<group>"; };
/* End PBXFileReference section */

/* Begin PBXFrameworksBuildPhase section */
		2B2F3AC62102D25800FC57F9 /* Frameworks */ = {
			isa = PBXFrameworksBuildPhase;
			buildActionMask = 2147483647;
			files = (
			);
			runOnlyForDeploymentPostprocessing = 0;
		};
		2B2F3ADA2102D25A00FC57F9 /* Frameworks */ = {
			isa = PBXFrameworksBuildPhase;
			buildActionMask = 2147483647;
			files = (
			);
			runOnlyForDeploymentPostprocessing = 0;
		};
		2B2F3AE52102D25A00FC57F9 /* Frameworks */ = {
			isa = PBXFrameworksBuildPhase;
			buildActionMask = 2147483647;
			files = (
			);
			runOnlyForDeploymentPostprocessing = 0;
		};
/* End PBXFrameworksBuildPhase section */

/* Begin PBXGroup section */
		2B2F3AC02102D25800FC57F9 = {
			isa = PBXGroup;
			children = (
				2B2F3ACB2102D25900FC57F9 /* MyTest180721 */,
				2B2F3AE02102D25A00FC57F9 /* MyTest180721Tests */,
				2B2F3AEB2102D25A00FC57F9 /* MyTest180721UITests */,
				2B2F3ACA2102D25900FC57F9 /* Products */,
			);
			sourceTree = "<group>";
		};
		2B2F3ACA2102D25900FC57F9 /* Products */ = {
			isa = PBXGroup;
			children = (
				2B2F3AC92102D25900FC57F9 /* MyTest180721.app */,
				2B2F3ADD2102D25A00FC57F9 /* MyTest180721Tests.xctest */,
				2B2F3AE82102D25A00FC57F9 /* MyTest180721UITests.xctest */,
			);
			name = Products;
			sourceTree = "<group>";
		};
		2B2F3ACB2102D25900FC57F9 /* MyTest180721 */ = {
			isa = PBXGroup;
			children = (
				2B2F3AFC2103044300FC57F9 /* Resources */,
				2B2F3AFB2103043700FC57F9 /* Storyboards */,
				2B2F3AFA2103042100FC57F9 /* Sources */,
			);
			path = MyTest180721;
			sourceTree = "<group>";
		};
		2B2F3AE02102D25A00FC57F9 /* MyTest180721Tests */ = {
			isa = PBXGroup;
			children = (
				2B2F3AE12102D25A00FC57F9 /* MyTest180721Tests.swift */,
				2B2F3AE32102D25A00FC57F9 /* Info.plist */,
			);
			path = MyTest180721Tests;
			sourceTree = "<group>";
		};
		2B2F3AEB2102D25A00FC57F9 /* MyTest180721UITests */ = {
			isa = PBXGroup;
			children = (
				2B2F3AEC2102D25A00FC57F9 /* MyTest180721UITests.swift */,
				2B2F3AEE2102D25A00FC57F9 /* Info.plist */,
			);
			path = MyTest180721UITests;
			sourceTree = "<group>";
		};
		2B2F3AFA2103042100FC57F9 /* Sources */ = {
			isa = PBXGroup;
			children = (
				2B2F3B002103051E00FC57F9 /* Shared */,
				2B2F3AFF2103046500FC57F9 /* Models */,
				2B2F3AFE2103045900FC57F9 /* Controllers */,
				2B2F3AFD2103045100FC57F9 /* Views */,
			);
			path = Sources;
			sourceTree = "<group>";
		};
		2B2F3AFB2103043700FC57F9 /* Storyboards */ = {
			isa = PBXGroup;
			children = (
				2B2F3AD02102D25900FC57F9 /* Main.storyboard */,
				2B2F3AD52102D25A00FC57F9 /* LaunchScreen.storyboard */,
			);
			path = Storyboards;
			sourceTree = "<group>";
		};
		2B2F3AFC2103044300FC57F9 /* Resources */ = {
			isa = PBXGroup;
			children = (
				2B2F3AD32102D25A00FC57F9 /* Assets.xcassets */,
				2B2F3AD82102D25A00FC57F9 /* Info.plist */,
			);
			path = Resources;
			sourceTree = "<group>";
		};
		2B2F3AFD2103045100FC57F9 /* Views */ = {
			isa = PBXGroup;
			children = (
			);
			path = Views;
			sourceTree = "<group>";
		};
		2B2F3AFE2103045900FC57F9 /* Controllers */ = {
			isa = PBXGroup;
			children = (
				2B2F3ACE2102D25900FC57F9 /* ViewController.swift */,
			);
			path = Controllers;
			sourceTree = "<group>";
		};
		2B2F3AFF2103046500FC57F9 /* Models */ = {
			isa = PBXGroup;
			children = (
			);
			path = Models;
			sourceTree = "<group>";
		};
		2B2F3B002103051E00FC57F9 /* Shared */ = {
			isa = PBXGroup;
			children = (
				2B2F3ACC2102D25900FC57F9 /* AppDelegate.swift */,
			);
			path = Shared;
			sourceTree = "<group>";
		};
/* End PBXGroup section */

/* Begin PBXNativeTarget section */
		2B2F3AC82102D25800FC57F9 /* MyTest180721 */ = {
			isa = PBXNativeTarget;
			buildConfigurationList = 2B2F3AF12102D25A00FC57F9 /* Build configuration list for PBXNativeTarget "MyTest180721" */;
			buildPhases = (
				2B2F3AC52102D25800FC57F9 /* Sources */,
				2B2F3AC62102D25800FC57F9 /* Frameworks */,
				2B2F3AC72102D25800FC57F9 /* Resources */,
			);
			buildRules = (
			);
			dependencies = (
			);
			name = MyTest180721;
			productName = MyTest180721;
			productReference = 2B2F3AC92102D25900FC57F9 /* MyTest180721.app */;
			productType = "com.apple.product-type.application";
		};
		2B2F3ADC2102D25A00FC57F9 /* MyTest180721Tests */ = {
			isa = PBXNativeTarget;
			buildConfigurationList = 2B2F3AF42102D25A00FC57F9 /* Build configuration list for PBXNativeTarget "MyTest180721Tests" */;
			buildPhases = (
				2B2F3AD92102D25A00FC57F9 /* Sources */,
				2B2F3ADA2102D25A00FC57F9 /* Frameworks */,
				2B2F3ADB2102D25A00FC57F9 /* Resources */,
			);
			buildRules = (
			);
			dependencies = (
				2B2F3ADF2102D25A00FC57F9 /* PBXTargetDependency */,
			);
			name = MyTest180721Tests;
			productName = MyTest180721Tests;
			productReference = 2B2F3ADD2102D25A00FC57F9 /* MyTest180721Tests.xctest */;
			productType = "com.apple.product-type.bundle.unit-test";
		};
		2B2F3AE72102D25A00FC57F9 /* MyTest180721UITests */ = {
			isa = PBXNativeTarget;
			buildConfigurationList = 2B2F3AF72102D25A00FC57F9 /* Build configuration list for PBXNativeTarget "MyTest180721UITests" */;
			buildPhases = (
				2B2F3AE42102D25A00FC57F9 /* Sources */,
				2B2F3AE52102D25A00FC57F9 /* Frameworks */,
				2B2F3AE62102D25A00FC57F9 /* Resources */,
			);
			buildRules = (
			);
			dependencies = (
				2B2F3AEA2102D25A00FC57F9 /* PBXTargetDependency */,
			);
			name = MyTest180721UITests;
			productName = MyTest180721UITests;
			productReference = 2B2F3AE82102D25A00FC57F9 /* MyTest180721UITests.xctest */;
			productType = "com.apple.product-type.bundle.ui-testing";
		};
/* End PBXNativeTarget section */

/* Begin PBXProject section */
		2B2F3AC12102D25800FC57F9 /* Project object */ = {
			isa = PBXProject;
			attributes = {
				LastSwiftUpdateCheck = 0940;
				LastUpgradeCheck = 0940;
				ORGANIZATIONNAME = "Edward WonSangjin";
				TargetAttributes = {
					2B2F3AC82102D25800FC57F9 = {
						CreatedOnToolsVersion = 9.4.1;
					};
					2B2F3ADC2102D25A00FC57F9 = {
						CreatedOnToolsVersion = 9.4.1;
						TestTargetID = 2B2F3AC82102D25800FC57F9;
					};
					2B2F3AE72102D25A00FC57F9 = {
						CreatedOnToolsVersion = 9.4.1;
						TestTargetID = 2B2F3AC82102D25800FC57F9;
					};
				};
			};
			buildConfigurationList = 2B2F3AC42102D25800FC57F9 /* Build configuration list for PBXProject "MyTest180721" */;
			compatibilityVersion = "Xcode 9.3";
			developmentRegion = en;
			hasScannedForEncodings = 0;
			knownRegions = (
				en,
				Base,
			);
			mainGroup = 2B2F3AC02102D25800FC57F9;
			productRefGroup = 2B2F3ACA2102D25900FC57F9 /* Products */;
			projectDirPath = "";
			projectRoot = "";
			targets = (
				2B2F3AC82102D25800FC57F9 /* MyTest180721 */,
				2B2F3ADC2102D25A00FC57F9 /* MyTest180721Tests */,
				2B2F3AE72102D25A00FC57F9 /* MyTest180721UITests */,
			);
		};
/* End PBXProject section */

/* Begin PBXResourcesBuildPhase section */
		2B2F3AC72102D25800FC57F9 /* Resources */ = {
			isa = PBXResourcesBuildPhase;
			buildActionMask = 2147483647;
			files = (
				2B2F3AD72102D25A00FC57F9 /* LaunchScreen.storyboard in Resources */,
				2B2F3AD42102D25A00FC57F9 /* Assets.xcassets in Resources */,
				2B2F3AD22102D25900FC57F9 /* Main.storyboard in Resources */,
			);
			runOnlyForDeploymentPostprocessing = 0;
		};
		2B2F3ADB2102D25A00FC57F9 /* Resources */ = {
			isa = PBXResourcesBuildPhase;
			buildActionMask = 2147483647;
			files = (
			);
			runOnlyForDeploymentPostprocessing = 0;
		};
		2B2F3AE62102D25A00FC57F9 /* Resources */ = {
			isa = PBXResourcesBuildPhase;
			buildActionMask = 2147483647;
			files = (
			);
			runOnlyForDeploymentPostprocessing = 0;
		};
/* End PBXResourcesBuildPhase section */

/* Begin PBXSourcesBuildPhase section */
		2B2F3AC52102D25800FC57F9 /* Sources */ = {
			isa = PBXSourcesBuildPhase;
			buildActionMask = 2147483647;
			files = (
				2B2F3ACF2102D25900FC57F9 /* ViewController.swift in Sources */,
				2B2F3ACD2102D25900FC57F9 /* AppDelegate.swift in Sources */,
			);
			runOnlyForDeploymentPostprocessing = 0;
		};
		2B2F3AD92102D25A00FC57F9 /* Sources */ = {
			isa = PBXSourcesBuildPhase;
			buildActionMask = 2147483647;
			files = (
				2B2F3AE22102D25A00FC57F9 /* MyTest180721Tests.swift in Sources */,
			);
			runOnlyForDeploymentPostprocessing = 0;
		};
		2B2F3AE42102D25A00FC57F9 /* Sources */ = {
			isa = PBXSourcesBuildPhase;
			buildActionMask = 2147483647;
			files = (
				2B2F3AED2102D25A00FC57F9 /* MyTest180721UITests.swift in Sources */,
			);
			runOnlyForDeploymentPostprocessing = 0;
		};
/* End PBXSourcesBuildPhase section */

/* Begin PBXTargetDependency section */
		2B2F3ADF2102D25A00FC57F9 /* PBXTargetDependency */ = {
			isa = PBXTargetDependency;
			target = 2B2F3AC82102D25800FC57F9 /* MyTest180721 */;
			targetProxy = 2B2F3ADE2102D25A00FC57F9 /* PBXContainerItemProxy */;
		};
		2B2F3AEA2102D25A00FC57F9 /* PBXTargetDependency */ = {
			isa = PBXTargetDependency;
			target = 2B2F3AC82102D25800FC57F9 /* MyTest180721 */;
			targetProxy = 2B2F3AE92102D25A00FC57F9 /* PBXContainerItemProxy */;
		};
/* End PBXTargetDependency section */

/* Begin PBXVariantGroup section */
		2B2F3AD02102D25900FC57F9 /* Main.storyboard */ = {
			isa = PBXVariantGroup;
			children = (
				2B2F3AD12102D25900FC57F9 /* Base */,
			);
			name = Main.storyboard;
			sourceTree = "<group>";
		};
		2B2F3AD52102D25A00FC57F9 /* LaunchScreen.storyboard */ = {
			isa = PBXVariantGroup;
			children = (
				2B2F3AD62102D25A00FC57F9 /* Base */,
			);
			name = LaunchScreen.storyboard;
			sourceTree = "<group>";
		};
/* End PBXVariantGroup section */

/* Begin XCBuildConfiguration section */
		2B2F3AEF2102D25A00FC57F9 /* Debug */ = {
			isa = XCBuildConfiguration;
			buildSettings = {
				ALWAYS_SEARCH_USER_PATHS = NO;
				CLANG_ANALYZER_NONNULL = YES;
				CLANG_ANALYZER_NUMBER_OBJECT_CONVERSION = YES_AGGRESSIVE;
				CLANG_CXX_LANGUAGE_STANDARD = "gnu++14";
				CLANG_CXX_LIBRARY = "libc++";
				CLANG_ENABLE_MODULES = YES;
				CLANG_ENABLE_OBJC_ARC = YES;
				CLANG_ENABLE_OBJC_WEAK = YES;
				CLANG_WARN_BLOCK_CAPTURE_AUTORELEASING = YES;
				CLANG_WARN_BOOL_CONVERSION = YES;
				CLANG_WARN_COMMA = YES;
				CLANG_WARN_CONSTANT_CONVERSION = YES;
				CLANG_WARN_DEPRECATED_OBJC_IMPLEMENTATIONS = YES;
				CLANG_WARN_DIRECT_OBJC_ISA_USAGE = YES_ERROR;
				CLANG_WARN_DOCUMENTATION_COMMENTS = YES;
				CLANG_WARN_EMPTY_BODY = YES;
				CLANG_WARN_ENUM_CONVERSION = YES;
				CLANG_WARN_INFINITE_RECURSION = YES;
				CLANG_WARN_INT_CONVERSION = YES;
				CLANG_WARN_NON_LITERAL_NULL_CONVERSION = YES;
				CLANG_WARN_OBJC_IMPLICIT_RETAIN_SELF = YES;
				CLANG_WARN_OBJC_LITERAL_CONVERSION = YES;
				CLANG_WARN_OBJC_ROOT_CLASS = YES_ERROR;
				CLANG_WARN_RANGE_LOOP_ANALYSIS = YES;
				CLANG_WARN_STRICT_PROTOTYPES = YES;
				CLANG_WARN_SUSPICIOUS_MOVE = YES;
				CLANG_WARN_UNGUARDED_AVAILABILITY = YES_AGGRESSIVE;
				CLANG_WARN_UNREACHABLE_CODE = YES;
				CLANG_WARN__DUPLICATE_METHOD_MATCH = YES;
				CODE_SIGN_IDENTITY = "iPhone Developer";
				COPY_PHASE_STRIP = NO;
				DEBUG_INFORMATION_FORMAT = dwarf;
				ENABLE_STRICT_OBJC_MSGSEND = YES;
				ENABLE_TESTABILITY = YES;
				GCC_C_LANGUAGE_STANDARD = gnu11;
				GCC_DYNAMIC_NO_PIC = NO;
				GCC_NO_COMMON_BLOCKS = YES;
				GCC_OPTIMIZATION_LEVEL = 0;
				GCC_PREPROCESSOR_DEFINITIONS = (
					"DEBUG=1",
					"$(inherited)",
				);
				GCC_WARN_64_TO_32_BIT_CONVERSION = YES;
				GCC_WARN_ABOUT_RETURN_TYPE = YES_ERROR;
				GCC_WARN_UNDECLARED_SELECTOR = YES;
				GCC_WARN_UNINITIALIZED_AUTOS = YES_AGGRESSIVE;
				GCC_WARN_UNUSED_FUNCTION = YES;
				GCC_WARN_UNUSED_VARIABLE = YES;
				IPHONEOS_DEPLOYMENT_TARGET = 11.4;
				MTL_ENABLE_DEBUG_INFO = YES;
				ONLY_ACTIVE_ARCH = YES;
				SDKROOT = iphoneos;
				SWIFT_ACTIVE_COMPILATION_CONDITIONS = DEBUG;
				SWIFT_OPTIMIZATION_LEVEL = "-Onone";
			};
			name = Debug;
		};
		2B2F3AF02102D25A00FC57F9 /* Release */ = {
			isa = XCBuildConfiguration;
			buildSettings = {
				ALWAYS_SEARCH_USER_PATHS = NO;
				CLANG_ANALYZER_NONNULL = YES;
				CLANG_ANALYZER_NUMBER_OBJECT_CONVERSION = YES_AGGRESSIVE;
				CLANG_CXX_LANGUAGE_STANDARD = "gnu++14";
				CLANG_CXX_LIBRARY = "libc++";
				CLANG_ENABLE_MODULES = YES;
				CLANG_ENABLE_OBJC_ARC = YES;
				CLANG_ENABLE_OBJC_WEAK = YES;
				CLANG_WARN_BLOCK_CAPTURE_AUTORELEASING = YES;
				CLANG_WARN_BOOL_CONVERSION = YES;
				CLANG_WARN_COMMA = YES;
				CLANG_WARN_CONSTANT_CONVERSION = YES;
				CLANG_WARN_DEPRECATED_OBJC_IMPLEMENTATIONS = YES;
				CLANG_WARN_DIRECT_OBJC_ISA_USAGE = YES_ERROR;
				CLANG_WARN_DOCUMENTATION_COMMENTS = YES;
				CLANG_WARN_EMPTY_BODY = YES;
				CLANG_WARN_ENUM_CONVERSION = YES;
				CLANG_WARN_INFINITE_RECURSION = YES;
				CLANG_WARN_INT_CONVERSION = YES;
				CLANG_WARN_NON_LITERAL_NULL_CONVERSION = YES;
				CLANG_WARN_OBJC_IMPLICIT_RETAIN_SELF = YES;
				CLANG_WARN_OBJC_LITERAL_CONVERSION = YES;
				CLANG_WARN_OBJC_ROOT_CLASS = YES_ERROR;
				CLANG_WARN_RANGE_LOOP_ANALYSIS = YES;
				CLANG_WARN_STRICT_PROTOTYPES = YES;
				CLANG_WARN_SUSPICIOUS_MOVE = YES;
				CLANG_WARN_UNGUARDED_AVAILABILITY = YES_AGGRESSIVE;
				CLANG_WARN_UNREACHABLE_CODE = YES;
				CLANG_WARN__DUPLICATE_METHOD_MATCH = YES;
				CODE_SIGN_IDENTITY = "iPhone Developer";
				COPY_PHASE_STRIP = NO;
				DEBUG_INFORMATION_FORMAT = "dwarf-with-dsym";
				ENABLE_NS_ASSERTIONS = NO;
				ENABLE_STRICT_OBJC_MSGSEND = YES;
				GCC_C_LANGUAGE_STANDARD = gnu11;
				GCC_NO_COMMON_BLOCKS = YES;
				GCC_WARN_64_TO_32_BIT_CONVERSION = YES;
				GCC_WARN_ABOUT_RETURN_TYPE = YES_ERROR;
				GCC_WARN_UNDECLARED_SELECTOR = YES;
				GCC_WARN_UNINITIALIZED_AUTOS = YES_AGGRESSIVE;
				GCC_WARN_UNUSED_FUNCTION = YES;
				GCC_WARN_UNUSED_VARIABLE = YES;
				IPHONEOS_DEPLOYMENT_TARGET = 11.4;
				MTL_ENABLE_DEBUG_INFO = NO;
				SDKROOT = iphoneos;
				SWIFT_COMPILATION_MODE = wholemodule;
				SWIFT_OPTIMIZATION_LEVEL = "-O";
				VALIDATE_PRODUCT = YES;
			};
			name = Release;
		};
		2B2F3AF22102D25A00FC57F9 /* Debug */ = {
			isa = XCBuildConfiguration;
			buildSettings = {
				ASSETCATALOG_COMPILER_APPICON_NAME = AppIcon;
				CODE_SIGN_STYLE = Automatic;
				INFOPLIST_FILE = "$(SRCROOT)/MyTest180721/Resources/Info.plist";
				LD_RUNPATH_SEARCH_PATHS = (
					"$(inherited)",
					"@executable_path/Frameworks",
				);
				PRODUCT_BUNDLE_IDENTIFIER = StoryTour.MyTest180721;
				PRODUCT_NAME = "$(TARGET_NAME)";
				SWIFT_VERSION = 4.0;
				TARGETED_DEVICE_FAMILY = "1,2";
			};
			name = Debug;
		};
		2B2F3AF32102D25A00FC57F9 /* Release */ = {
			isa = XCBuildConfiguration;
			buildSettings = {
				ASSETCATALOG_COMPILER_APPICON_NAME = AppIcon;
				CODE_SIGN_STYLE = Automatic;
				INFOPLIST_FILE = "$(SRCROOT)/MyTest180721/Resources/Info.plist";
				LD_RUNPATH_SEARCH_PATHS = (
					"$(inherited)",
					"@executable_path/Frameworks",
				);
				PRODUCT_BUNDLE_IDENTIFIER = StoryTour.MyTest180721;
				PRODUCT_NAME = "$(TARGET_NAME)";
				SWIFT_VERSION = 4.0;
				TARGETED_DEVICE_FAMILY = "1,2";
			};
			name = Release;
		};
		2B2F3AF52102D25A00FC57F9 /* Debug */ = {
			isa = XCBuildConfiguration;
			buildSettings = {
				ALWAYS_EMBED_SWIFT_STANDARD_LIBRARIES = YES;
				BUNDLE_LOADER = "$(TEST_HOST)";
				CODE_SIGN_STYLE = Automatic;
				INFOPLIST_FILE = MyTest180721Tests/Info.plist;
				LD_RUNPATH_SEARCH_PATHS = (
					"$(inherited)",
					"@executable_path/Frameworks",
					"@loader_path/Frameworks",
				);
				PRODUCT_BUNDLE_IDENTIFIER = StoryTour.MyTest180721Tests;
				PRODUCT_NAME = "$(TARGET_NAME)";
				SWIFT_VERSION = 4.0;
				TARGETED_DEVICE_FAMILY = "1,2";
				TEST_HOST = "$(BUILT_PRODUCTS_DIR)/MyTest180721.app/MyTest180721";
			};
			name = Debug;
		};
		2B2F3AF62102D25A00FC57F9 /* Release */ = {
			isa = XCBuildConfiguration;
			buildSettings = {
				ALWAYS_EMBED_SWIFT_STANDARD_LIBRARIES = YES;
				BUNDLE_LOADER = "$(TEST_HOST)";
				CODE_SIGN_STYLE = Automatic;
				INFOPLIST_FILE = MyTest180721Tests/Info.plist;
				LD_RUNPATH_SEARCH_PATHS = (
					"$(inherited)",
					"@executable_path/Frameworks",
					"@loader_path/Frameworks",
				);
				PRODUCT_BUNDLE_IDENTIFIER = StoryTour.MyTest180721Tests;
				PRODUCT_NAME = "$(TARGET_NAME)";
				SWIFT_VERSION = 4.0;
				TARGETED_DEVICE_FAMILY = "1,2";
				TEST_HOST = "$(BUILT_PRODUCTS_DIR)/MyTest180721.app/MyTest180721";
			};
			name = Release;
		};
		2B2F3AF82102D25A00FC57F9 /* Debug */ = {
			isa = XCBuildConfiguration;
			buildSettings = {
				ALWAYS_EMBED_SWIFT_STANDARD_LIBRARIES = YES;
				CODE_SIGN_STYLE = Automatic;
				INFOPLIST_FILE = MyTest180721UITests/Info.plist;
				LD_RUNPATH_SEARCH_PATHS = (
					"$(inherited)",
					"@executable_path/Frameworks",
					"@loader_path/Frameworks",
				);
				PRODUCT_BUNDLE_IDENTIFIER = StoryTour.MyTest180721UITests;
				PRODUCT_NAME = "$(TARGET_NAME)";
				SWIFT_VERSION = 4.0;
				TARGETED_DEVICE_FAMILY = "1,2";
				TEST_TARGET_NAME = MyTest180721;
			};
			name = Debug;
		};
		2B2F3AF92102D25A00FC57F9 /* Release */ = {
			isa = XCBuildConfiguration;
			buildSettings = {
				ALWAYS_EMBED_SWIFT_STANDARD_LIBRARIES = YES;
				CODE_SIGN_STYLE = Automatic;
				INFOPLIST_FILE = MyTest180721UITests/Info.plist;
				LD_RUNPATH_SEARCH_PATHS = (
					"$(inherited)",
					"@executable_path/Frameworks",
					"@loader_path/Frameworks",
				);
				PRODUCT_BUNDLE_IDENTIFIER = StoryTour.MyTest180721UITests;
				PRODUCT_NAME = "$(TARGET_NAME)";
				SWIFT_VERSION = 4.0;
				TARGETED_DEVICE_FAMILY = "1,2";
				TEST_TARGET_NAME = MyTest180721;
			};
			name = Release;
		};
/* End XCBuildConfiguration section */

/* Begin XCConfigurationList section */
		2B2F3AC42102D25800FC57F9 /* Build configuration list for PBXProject "MyTest180721" */ = {
			isa = XCConfigurationList;
			buildConfigurations = (
				2B2F3AEF2102D25A00FC57F9 /* Debug */,
				2B2F3AF02102D25A00FC57F9 /* Release */,
			);
			defaultConfigurationIsVisible = 0;
			defaultConfigurationName = Release;
		};
		2B2F3AF12102D25A00FC57F9 /* Build configuration list for PBXNativeTarget "MyTest180721" */ = {
			isa = XCConfigurationList;
			buildConfigurations = (
				2B2F3AF22102D25A00FC57F9 /* Debug */,
				2B2F3AF32102D25A00FC57F9 /* Release */,
			);
			defaultConfigurationIsVisible = 0;
			defaultConfigurationName = Release;
		};
		2B2F3AF42102D25A00FC57F9 /* Build configuration list for PBXNativeTarget "MyTest180721Tests" */ = {
			isa = XCConfigurationList;
			buildConfigurations = (
				2B2F3AF52102D25A00FC57F9 /* Debug */,
				2B2F3AF62102D25A00FC57F9 /* Release */,
			);
			defaultConfigurationIsVisible = 0;
			defaultConfigurationName = Release;
		};
		2B2F3AF72102D25A00FC57F9 /* Build configuration list for PBXNativeTarget "MyTest180721UITests" */ = {
			isa = XCConfigurationList;
			buildConfigurations = (
				2B2F3AF82102D25A00FC57F9 /* Debug */,
				2B2F3AF92102D25A00FC57F9 /* Release */,
			);
			defaultConfigurationIsVisible = 0;
			defaultConfigurationName = Release;
		};
/* End XCConfigurationList section */
	};
	rootObject = 2B2F3AC12102D25800FC57F9 /* Project object */;
}
